
Microsoft Visual Studio Solution File, Format Version 12.00
# Visual Studio Version 17
VisualStudioVersion = 17.14.36915.13 d17.14
MinimumVisualStudioVersion = 10.0.40219.1
Project("{FAE04EC0-301F-11D3-BF4B-00C04F79EFBC}") = "BankingSystem", "BankingSystem\BankingSystem.csproj", "{4A95B189-750B-4AB1-8C8B-1E4841336F5F}"
EndProject
Global
	GlobalSection(SolutionConfigurationPlatforms) = preSolution
		Debug|Any CPU = Debug|Any CPU
		Release|Any CPU = Release|Any CPU
	EndGlobalSection
	GlobalSection(ProjectConfigurationPlatforms) = postSolution
		{4A95B189-750B-4AB1-8C8B-1E4841336F5F}.Debug|Any CPU.ActiveCfg = Debug|Any CPU
		{4A95B189-750B-4AB1-8C8B-1E4841336F5F}.Debug|Any CPU.Build.0 = Debug|Any CPU
		{4A95B189-750B-4AB1-8C8B-1E4841336F5F}.Release|Any CPU.ActiveCfg = Release|Any CPU
		{4A95B189-750B-4AB1-8C8B-1E4841336F5F}.Release|Any CPU.Build.0 = Release|Any CPU
	EndGlobalSection
	GlobalSection(SolutionProperties) = preSolution
		HideSolutionNode = FALSE
	EndGlobalSection
	GlobalSection(ExtensibilityGlobals) = postSolution
		SolutionGuid = {3B7FA32A-7D31-4C9F-A77A-7D1210B29AD5}
	EndGlobalSection
EndGlobal
